
Microsoft Visual Studio Solution File, Format Version 12.00
# Visual Studio Version 16
VisualStudioVersion = 16.0.31005.135
MinimumVisualStudioVersion = 10.0.40219.1
Project("{FAE04EC0-301F-11D3-BF4B-00C04F79EFBC}") = "Labirent oyunu", "Labirent oyunu\Labirent oyunu.csproj", "{BDE0487F-7D69-45DF-AEEF-D4E8A4543046}"
EndProject
Global
	GlobalSection(SolutionConfigurationPlatforms) = preSolution
		Debug|Any CPU = Debug|Any CPU
		Release|Any CPU = Release|Any CPU
	EndGlobalSection
	GlobalSection(ProjectConfigurationPlatforms) = postSolution
		{BDE0487F-7D69-45DF-AEEF-D4E8A4543046}.Debug|Any CPU.ActiveCfg = Debug|Any CPU
		{BDE0487F-7D69-45DF-AEEF-D4E8A4543046}.Debug|Any CPU.Build.0 = Debug|Any CPU
		{BDE0487F-7D69-45DF-AEEF-D4E8A4543046}.Release|Any CPU.ActiveCfg = Release|Any CPU
		{BDE0487F-7D69-45DF-AEEF-D4E8A4543046}.Release|Any CPU.Build.0 = Release|Any CPU
	EndGlobalSection
	GlobalSection(SolutionProperties) = preSolution
		HideSolutionNode = FALSE
	EndGlobalSection
	GlobalSection(ExtensibilityGlobals) = postSolution
		SolutionGuid = {912CA558-F62A-49B2-BF2F-DC43EA6D9AA6}
	EndGlobalSection
EndGlobal
